
Microsoft Visual Studio Solution File, Format Version 12.00
# Visual Studio Version 16
VisualStudioVersion = 16.0.32630.194
MinimumVisualStudioVersion = 10.0.40219.1
Project("{FAE04EC0-301F-11D3-BF4B-00C04F79EFBC}") = "FrostBot", "FrostBot.csproj", "{7889FBEC-C7A3-411B-A22A-343E4D6135EC}"
EndProject
Project("{FAE04EC0-301F-11D3-BF4B-00C04F79EFBC}") = "ShrineFox.IO", "..\ShrineFox.IO\ShrineFox.IO.csproj", "{7640412A-7372-4925-B20C-0178D8818A8F}"
EndProject
Global
	GlobalSection(SolutionConfigurationPlatforms) = preSolution
		Debug|Any CPU = Debug|Any CPU
		Release|Any CPU = Release|Any CPU
	EndGlobalSection
	GlobalSection(ProjectConfigurationPlatforms) = postSolution
		{7889FBEC-C7A3-411B-A22A-343E4D6135EC}.Debug|Any CPU.ActiveCfg = Debug|Any CPU
		{7889FBEC-C7A3-411B-A22A-343E4D6135EC}.Debug|Any CPU.Build.0 = Debug|Any CPU
		{7889FBEC-C7A3-411B-A22A-343E4D6135EC}.Release|Any CPU.ActiveCfg = Release|Any CPU
		{7889FBEC-C7A3-411B-A22A-343E4D6135EC}.Release|Any CPU.Build.0 = Release|Any CPU
		{7640412A-7372-4925-B20C-0178D8818A8F}.Debug|Any CPU.ActiveCfg = Debug|Any CPU
		{7640412A-7372-4925-B20C-0178D8818A8F}.Debug|Any CPU.Build.0 = Debug|Any CPU
		{7640412A-7372-4925-B20C-0178D8818A8F}.Release|Any CPU.ActiveCfg = Release|Any CPU
		{7640412A-7372-4925-B20C-0178D8818A8F}.Release|Any CPU.Build.0 = Release|Any CPU
	EndGlobalSection
	GlobalSection(SolutionProperties) = preSolution
		HideSolutionNode = FALSE
	EndGlobalSection
	GlobalSection(ExtensibilityGlobals) = postSolution
		SolutionGuid = {225E3BEB-A165-4CCA-A890-B6AA9A67E3F7}
	EndGlobalSection
EndGlobal
